
Microsoft Visual Studio Solution File, Format Version 12.00
# Visual Studio Version 17
VisualStudioVersion = 17.14.36127.28 d17.14
MinimumVisualStudioVersion = 10.0.40219.1
Project("{FAE04EC0-301F-11D3-BF4B-00C04F79EFBC}") = "Metodos faltantes en el proyecto de contactes.", "Metodos faltantes en el proyecto de contactes\Metodos faltantes en el proyecto de contactes..csproj", "{F56E21EF-D6CF-44DD-8CF6-9C6B39876565}"
EndProject
Global
	GlobalSection(SolutionConfigurationPlatforms) = preSolution
		Debug|Any CPU = Debug|Any CPU
		Release|Any CPU = Release|Any CPU
	EndGlobalSection
	GlobalSection(ProjectConfigurationPlatforms) = postSolution
		{F56E21EF-D6CF-44DD-8CF6-9C6B39876565}.Debug|Any CPU.ActiveCfg = Debug|Any CPU
		{F56E21EF-D6CF-44DD-8CF6-9C6B39876565}.Debug|Any CPU.Build.0 = Debug|Any CPU
		{F56E21EF-D6CF-44DD-8CF6-9C6B39876565}.Release|Any CPU.ActiveCfg = Release|Any CPU
		{F56E21EF-D6CF-44DD-8CF6-9C6B39876565}.Release|Any CPU.Build.0 = Release|Any CPU
	EndGlobalSection
	GlobalSection(SolutionProperties) = preSolution
		HideSolutionNode = FALSE
	EndGlobalSection
	GlobalSection(ExtensibilityGlobals) = postSolution
		SolutionGuid = {C9A2F23D-E9CA-45A9-8ECC-63571D822AB5}
	EndGlobalSection
EndGlobal
